
Microsoft Visual Studio Solution File, Format Version 12.00
# Visual Studio Version 17
VisualStudioVersion = 17.14.36202.13 d17.14
MinimumVisualStudioVersion = 10.0.40219.1
Project("{FAE04EC0-301F-11D3-BF4B-00C04F79EFBC}") = "Paieška-Žemėlapyje_C#", "Paieška-Žemėlapyje_C#\Paieška-Žemėlapyje_C#.csproj", "{4DD21379-C985-472B-A1DA-E4DCC68F639B}"
EndProject
Global
	GlobalSection(SolutionConfigurationPlatforms) = preSolution
		Debug|Any CPU = Debug|Any CPU
		Release|Any CPU = Release|Any CPU
	EndGlobalSection
	GlobalSection(ProjectConfigurationPlatforms) = postSolution
		{4DD21379-C985-472B-A1DA-E4DCC68F639B}.Debug|Any CPU.ActiveCfg = Debug|Any CPU
		{4DD21379-C985-472B-A1DA-E4DCC68F639B}.Debug|Any CPU.Build.0 = Debug|Any CPU
		{4DD21379-C985-472B-A1DA-E4DCC68F639B}.Release|Any CPU.ActiveCfg = Release|Any CPU
		{4DD21379-C985-472B-A1DA-E4DCC68F639B}.Release|Any CPU.Build.0 = Release|Any CPU
	EndGlobalSection
	GlobalSection(SolutionProperties) = preSolution
		HideSolutionNode = FALSE
	EndGlobalSection
	GlobalSection(ExtensibilityGlobals) = postSolution
		SolutionGuid = {FCD368E0-9DB3-49A3-B413-B5CEE4DC1188}
	EndGlobalSection
EndGlobal
